
Microsoft Visual Studio Solution File, Format Version 12.00
# Visual Studio Version 17
VisualStudioVersion = 17.5.33424.131
MinimumVisualStudioVersion = 10.0.40219.1
Project("{8BC9CEB8-8B4A-11D0-8D11-00A0C91BC942}") = "exercisedua", "exercisedua\exercisedua.vcxproj", "{496781C4-CC4C-4FC8-9D20-B820D76E324D}"
EndProject
Global
	GlobalSection(SolutionConfigurationPlatforms) = preSolution
		Debug|x64 = Debug|x64
		Debug|x86 = Debug|x86
		Release|x64 = Release|x64
		Release|x86 = Release|x86
	EndGlobalSection
	GlobalSection(ProjectConfigurationPlatforms) = postSolution
		{496781C4-CC4C-4FC8-9D20-B820D76E324D}.Debug|x64.ActiveCfg = Debug|x64
		{496781C4-CC4C-4FC8-9D20-B820D76E324D}.Debug|x64.Build.0 = Debug|x64
		{496781C4-CC4C-4FC8-9D20-B820D76E324D}.Debug|x86.ActiveCfg = Debug|Win32
		{496781C4-CC4C-4FC8-9D20-B820D76E324D}.Debug|x86.Build.0 = Debug|Win32
		{496781C4-CC4C-4FC8-9D20-B820D76E324D}.Release|x64.ActiveCfg = Release|x64
		{496781C4-CC4C-4FC8-9D20-B820D76E324D}.Release|x64.Build.0 = Release|x64
		{496781C4-CC4C-4FC8-9D20-B820D76E324D}.Release|x86.ActiveCfg = Release|Win32
		{496781C4-CC4C-4FC8-9D20-B820D76E324D}.Release|x86.Build.0 = Release|Win32
	EndGlobalSection
	GlobalSection(SolutionProperties) = preSolution
		HideSolutionNode = FALSE
	EndGlobalSection
	GlobalSection(ExtensibilityGlobals) = postSolution
		SolutionGuid = {2353ED39-2800-4D24-B772-EC54B150F69B}
	EndGlobalSection
EndGlobal
